
Microsoft Visual Studio Solution File, Format Version 12.00
# Visual Studio Version 16
VisualStudioVersion = 16.0.29025.244
MinimumVisualStudioVersion = 10.0.40219.1
Project("{9A19103F-16F7-4668-BE54-9A1E7A4F7556}") = "Narwhal.Service", "Narwhal.Service.csproj", "{DB43BFAB-1EB1-4115-8B18-255A260F6083}"
EndProject
Global
	GlobalSection(SolutionConfigurationPlatforms) = preSolution
		Debug|Any CPU = Debug|Any CPU
		Release|Any CPU = Release|Any CPU
	EndGlobalSection
	GlobalSection(ProjectConfigurationPlatforms) = postSolution
		{DB43BFAB-1EB1-4115-8B18-255A260F6083}.Debug|Any CPU.ActiveCfg = Debug|Any CPU
		{DB43BFAB-1EB1-4115-8B18-255A260F6083}.Debug|Any CPU.Build.0 = Debug|Any CPU
		{DB43BFAB-1EB1-4115-8B18-255A260F6083}.Release|Any CPU.ActiveCfg = Release|Any CPU
		{DB43BFAB-1EB1-4115-8B18-255A260F6083}.Release|Any CPU.Build.0 = Release|Any CPU
	EndGlobalSection
	GlobalSection(SolutionProperties) = preSolution
		HideSolutionNode = FALSE
	EndGlobalSection
	GlobalSection(ExtensibilityGlobals) = postSolution
		SolutionGuid = {70E4ABC8-E952-4B15-BD8B-02684CAE7314}
	EndGlobalSection
EndGlobal
